
Microsoft Visual Studio Solution File, Format Version 12.00
# Visual Studio Version 17
VisualStudioVersion = 17.8.34316.72
MinimumVisualStudioVersion = 10.0.40219.1
Project("{FAE04EC0-301F-11D3-BF4B-00C04F79EFBC}") = "AssignmentReflection", "AssignmentReflection\AssignmentReflection.csproj", "{1A1096B8-6871-4857-9D01-2A2B77CD58A5}"
EndProject
Global
	GlobalSection(SolutionConfigurationPlatforms) = preSolution
		Debug|Any CPU = Debug|Any CPU
		Release|Any CPU = Release|Any CPU
	EndGlobalSection
	GlobalSection(ProjectConfigurationPlatforms) = postSolution
		{1A1096B8-6871-4857-9D01-2A2B77CD58A5}.Debug|Any CPU.ActiveCfg = Debug|Any CPU
		{1A1096B8-6871-4857-9D01-2A2B77CD58A5}.Debug|Any CPU.Build.0 = Debug|Any CPU
		{1A1096B8-6871-4857-9D01-2A2B77CD58A5}.Release|Any CPU.ActiveCfg = Release|Any CPU
		{1A1096B8-6871-4857-9D01-2A2B77CD58A5}.Release|Any CPU.Build.0 = Release|Any CPU
	EndGlobalSection
	GlobalSection(SolutionProperties) = preSolution
		HideSolutionNode = FALSE
	EndGlobalSection
	GlobalSection(ExtensibilityGlobals) = postSolution
		SolutionGuid = {1F1FC088-2C5A-4F28-BE75-E8E21F3F5946}
	EndGlobalSection
EndGlobal
